
Microsoft Visual Studio Solution File, Format Version 12.00
# Visual Studio 15
VisualStudioVersion = 15.0.28307.329
MinimumVisualStudioVersion = 10.0.40219.1
Project("{FAE04EC0-301F-11D3-BF4B-00C04F79EFBC}") = "ConsoleApp2", "ConsoleApp2\ConsoleApp2.csproj", "{C014A628-2C06-4A56-803A-3522E8286FBE}"
EndProject
Project("{FAE04EC0-301F-11D3-BF4B-00C04F79EFBC}") = "ConsoleApp1", "ConsoleApp1\ConsoleApp1.csproj", "{C5C7B3BE-A52C-4059-A254-02B8D26404C6}"
EndProject
Project("{FAE04EC0-301F-11D3-BF4B-00C04F79EFBC}") = "ConsoleApp3", "ConsoleApp3\ConsoleApp3.csproj", "{75F7F3EC-6595-4071-AA4A-32EAD404B88E}"
EndProject
Project("{FAE04EC0-301F-11D3-BF4B-00C04F79EFBC}") = "ConsoleApp4", "ConsoleApp4\ConsoleApp4.csproj", "{0CD072A5-6BE8-48F5-BE59-8BB84C788247}"
EndProject
Project("{FAE04EC0-301F-11D3-BF4B-00C04F79EFBC}") = "ConsoleApp5", "ConsoleApp5\ConsoleApp5.csproj", "{790107E0-899B-4D36-9630-E7D51A78732D}"
EndProject
Project("{FAE04EC0-301F-11D3-BF4B-00C04F79EFBC}") = "ConsoleApp6", "ConsoleApp6\ConsoleApp6.csproj", "{F3EB55D2-D348-43BD-97B2-AB301BACCCCD}"
EndProject
Global
	GlobalSection(SolutionConfigurationPlatforms) = preSolution
		Debug|Any CPU = Debug|Any CPU
		Release|Any CPU = Release|Any CPU
	EndGlobalSection
	GlobalSection(ProjectConfigurationPlatforms) = postSolution
		{C014A628-2C06-4A56-803A-3522E8286FBE}.Debug|Any CPU.ActiveCfg = Debug|Any CPU
		{C014A628-2C06-4A56-803A-3522E8286FBE}.Debug|Any CPU.Build.0 = Debug|Any CPU
		{C014A628-2C06-4A56-803A-3522E8286FBE}.Release|Any CPU.ActiveCfg = Release|Any CPU
		{C014A628-2C06-4A56-803A-3522E8286FBE}.Release|Any CPU.Build.0 = Release|Any CPU
		{C5C7B3BE-A52C-4059-A254-02B8D26404C6}.Debug|Any CPU.ActiveCfg = Debug|Any CPU
		{C5C7B3BE-A52C-4059-A254-02B8D26404C6}.Debug|Any CPU.Build.0 = Debug|Any CPU
		{C5C7B3BE-A52C-4059-A254-02B8D26404C6}.Release|Any CPU.ActiveCfg = Release|Any CPU
		{C5C7B3BE-A52C-4059-A254-02B8D26404C6}.Release|Any CPU.Build.0 = Release|Any CPU
		{75F7F3EC-6595-4071-AA4A-32EAD404B88E}.Debug|Any CPU.ActiveCfg = Debug|Any CPU
		{75F7F3EC-6595-4071-AA4A-32EAD404B88E}.Debug|Any CPU.Build.0 = Debug|Any CPU
		{75F7F3EC-6595-4071-AA4A-32EAD404B88E}.Release|Any CPU.ActiveCfg = Release|Any CPU
		{75F7F3EC-6595-4071-AA4A-32EAD404B88E}.Release|Any CPU.Build.0 = Release|Any CPU
		{0CD072A5-6BE8-48F5-BE59-8BB84C788247}.Debug|Any CPU.ActiveCfg = Debug|Any CPU
		{0CD072A5-6BE8-48F5-BE59-8BB84C788247}.Debug|Any CPU.Build.0 = Debug|Any CPU
		{0CD072A5-6BE8-48F5-BE59-8BB84C788247}.Release|Any CPU.ActiveCfg = Release|Any CPU
		{0CD072A5-6BE8-48F5-BE59-8BB84C788247}.Release|Any CPU.Build.0 = Release|Any CPU
		{790107E0-899B-4D36-9630-E7D51A78732D}.Debug|Any CPU.ActiveCfg = Debug|Any CPU
		{790107E0-899B-4D36-9630-E7D51A78732D}.Debug|Any CPU.Build.0 = Debug|Any CPU
		{790107E0-899B-4D36-9630-E7D51A78732D}.Release|Any CPU.ActiveCfg = Release|Any CPU
		{790107E0-899B-4D36-9630-E7D51A78732D}.Release|Any CPU.Build.0 = Release|Any CPU
		{F3EB55D2-D348-43BD-97B2-AB301BACCCCD}.Debug|Any CPU.ActiveCfg = Debug|Any CPU
		{F3EB55D2-D348-43BD-97B2-AB301BACCCCD}.Debug|Any CPU.Build.0 = Debug|Any CPU
		{F3EB55D2-D348-43BD-97B2-AB301BACCCCD}.Release|Any CPU.ActiveCfg = Release|Any CPU
		{F3EB55D2-D348-43BD-97B2-AB301BACCCCD}.Release|Any CPU.Build.0 = Release|Any CPU
	EndGlobalSection
	GlobalSection(SolutionProperties) = preSolution
		HideSolutionNode = FALSE
	EndGlobalSection
	GlobalSection(ExtensibilityGlobals) = postSolution
		SolutionGuid = {38D08276-8A42-4D42-A250-75E48ABB2ACA}
	EndGlobalSection
EndGlobal
